
Microsoft Visual Studio Solution File, Format Version 12.00
# Visual Studio Version 18
VisualStudioVersion = 18.3.11520.95 d18.3
MinimumVisualStudioVersion = 10.0.40219.1
Project("{FAE04EC0-301F-11D3-BF4B-00C04F79EFBC}") = "UgnayDesktop", "UgnayDesktop.csproj", "{FEBEB215-1E2D-2310-2677-4226BDD378C6}"
EndProject
Global
	GlobalSection(SolutionConfigurationPlatforms) = preSolution
		Debug|Any CPU = Debug|Any CPU
		Release|Any CPU = Release|Any CPU
	EndGlobalSection
	GlobalSection(ProjectConfigurationPlatforms) = postSolution
		{FEBEB215-1E2D-2310-2677-4226BDD378C6}.Debug|Any CPU.ActiveCfg = Debug|Any CPU
		{FEBEB215-1E2D-2310-2677-4226BDD378C6}.Debug|Any CPU.Build.0 = Debug|Any CPU
		{FEBEB215-1E2D-2310-2677-4226BDD378C6}.Release|Any CPU.ActiveCfg = Release|Any CPU
		{FEBEB215-1E2D-2310-2677-4226BDD378C6}.Release|Any CPU.Build.0 = Release|Any CPU
	EndGlobalSection
	GlobalSection(SolutionProperties) = preSolution
		HideSolutionNode = FALSE
	EndGlobalSection
	GlobalSection(ExtensibilityGlobals) = postSolution
		SolutionGuid = {B24E924F-09F5-4DC4-9CB7-82856AD03F32}
	EndGlobalSection
EndGlobal
